// !$*UTF8*$!
{
	archiveVersion = 1;
	classes = {
	};
	objectVersion = 51;
	objects = {

/* Begin PBXBuildFile section */
		70E49B484C9FE47E97810576 /* Pods_gymapp.framework in Frameworks */ = {isa = PBXBuildFile; fileRef = 557D49080A2714A8A7AF052C /* Pods_gymapp.framework */; };
		C44FF9182682327D00A6D572 /* ExerciciosViewController.swift in Sources */ = {isa = PBXBuildFile; fileRef = C44FF9172682327D00A6D572 /* ExerciciosViewController.swift */; };
		C44FF91A268254AB00A6D572 /* CriarExercicioViewController.swift in Sources */ = {isa = PBXBuildFile; fileRef = C44FF919268254AB00A6D572 /* CriarExercicioViewController.swift */; };
		C4B20897268128F200032FC8 /* AppDelegate.swift in Sources */ = {isa = PBXBuildFile; fileRef = C4B20896268128F200032FC8 /* AppDelegate.swift */; };
		C4B20899268128F200032FC8 /* SceneDelegate.swift in Sources */ = {isa = PBXBuildFile; fileRef = C4B20898268128F200032FC8 /* SceneDelegate.swift */; };
		C4B2089E268128F200032FC8 /* Main.storyboard in Resources */ = {isa = PBXBuildFile; fileRef = C4B2089C268128F200032FC8 /* Main.storyboard */; };
		C4B208A0268128F400032FC8 /* Assets.xcassets in Resources */ = {isa = PBXBuildFile; fileRef = C4B2089F268128F400032FC8 /* Assets.xcassets */; };
		C4B208A3268128F400032FC8 /* LaunchScreen.storyboard in Resources */ = {isa = PBXBuildFile; fileRef = C4B208A1268128F400032FC8 /* LaunchScreen.storyboard */; };
		C4B208AF268129F700032FC8 /* GoogleService-Info.plist in Resources */ = {isa = PBXBuildFile; fileRef = C4B208AE268129F700032FC8 /* GoogleService-Info.plist */; };
		C4C9930126837CBA0021C76E /* DetalhesExercicioViewController.swift in Sources */ = {isa = PBXBuildFile; fileRef = C4C9930026837CBA0021C76E /* DetalhesExercicioViewController.swift */; };
		C4D1E0B62682B6C0004A47B1 /* ExercicioTableViewCell.swift in Sources */ = {isa = PBXBuildFile; fileRef = C4D1E0B52682B6C0004A47B1 /* ExercicioTableViewCell.swift */; };
		C4D60B7B26812E9D00255E46 /* LoginViewController.swift in Sources */ = {isa = PBXBuildFile; fileRef = C4D60B7A26812E9D00255E46 /* LoginViewController.swift */; };
		C4D60B7D268130DA00255E46 /* CriarContaViewController.swift in Sources */ = {isa = PBXBuildFile; fileRef = C4D60B7C268130DA00255E46 /* CriarContaViewController.swift */; };
		C4D60B802681489400255E46 /* PerfilViewController.swift in Sources */ = {isa = PBXBuildFile; fileRef = C4D60B7F2681489400255E46 /* PerfilViewController.swift */; };
		C4D60B822681798800255E46 /* TreinosViewController.swift in Sources */ = {isa = PBXBuildFile; fileRef = C4D60B812681798800255E46 /* TreinosViewController.swift */; };
		C4D60B8526817AAB00255E46 /* TreinoTableViewCell.swift in Sources */ = {isa = PBXBuildFile; fileRef = C4D60B8426817AAB00255E46 /* TreinoTableViewCell.swift */; };
		C4D60B88268187F800255E46 /* CriarTreinoViewController.swift in Sources */ = {isa = PBXBuildFile; fileRef = C4D60B87268187F700255E46 /* CriarTreinoViewController.swift */; };
		C4FADCEB268383B600437998 /* EditarTreinoViewController.swift in Sources */ = {isa = PBXBuildFile; fileRef = C4FADCEA268383B600437998 /* EditarTreinoViewController.swift */; };
/* End PBXBuildFile section */

/* Begin PBXFileReference section */
		0D0780F59727F2914F2A754B /* Pods-gymapp.release.xcconfig */ = {isa = PBXFileReference; includeInIndex = 1; lastKnownFileType = text.xcconfig; name = "Pods-gymapp.release.xcconfig"; path = "Target Support Files/Pods-gymapp/Pods-gymapp.release.xcconfig"; sourceTree = "<group>"; };
		557D49080A2714A8A7AF052C /* Pods_gymapp.framework */ = {isa = PBXFileReference; explicitFileType = wrapper.framework; includeInIndex = 0; path = Pods_gymapp.framework; sourceTree = BUILT_PRODUCTS_DIR; };
		AE6B1E40A2DC97D70BB6BB19 /* Pods-gymapp.debug.xcconfig */ = {isa = PBXFileReference; includeInIndex = 1; lastKnownFileType = text.xcconfig; name = "Pods-gymapp.debug.xcconfig"; path = "Target Support Files/Pods-gymapp/Pods-gymapp.debug.xcconfig"; sourceTree = "<group>"; };
		C44FF9172682327D00A6D572 /* ExerciciosViewController.swift */ = {isa = PBXFileReference; lastKnownFileType = sourcecode.swift; path = ExerciciosViewController.swift; sourceTree = "<group>"; };
		C44FF919268254AB00A6D572 /* CriarExercicioViewController.swift */ = {isa = PBXFileReference; lastKnownFileType = sourcecode.swift; path = CriarExercicioViewController.swift; sourceTree = "<group>"; };
		C4B20893268128F200032FC8 /* gymapp.app */ = {isa = PBXFileReference; explicitFileType = wrapper.application; includeInIndex = 0; path = gymapp.app; sourceTree = BUILT_PRODUCTS_DIR; };
		C4B20896268128F200032FC8 /* AppDelegate.swift */ = {isa = PBXFileReference; lastKnownFileType = sourcecode.swift; path = AppDelegate.swift; sourceTree = "<group>"; };
		C4B20898268128F200032FC8 /* SceneDelegate.swift */ = {isa = PBXFileReference; lastKnownFileType = sourcecode.swift; path = SceneDelegate.swift; sourceTree = "<group>"; };
		C4B2089D268128F200032FC8 /* Base */ = {isa = PBXFileReference; lastKnownFileType = file.storyboard; name = Base; path = Base.lproj/Main.storyboard; sourceTree = "<group>"; };
		C4B2089F268128F400032FC8 /* Assets.xcassets */ = {isa = PBXFileReference; lastKnownFileType = folder.assetcatalog; path = Assets.xcassets; sourceTree = "<group>"; };
		C4B208A2268128F400032FC8 /* Base */ = {isa = PBXFileReference; lastKnownFileType = file.storyboard; name = Base; path = Base.lproj/LaunchScreen.storyboard; sourceTree = "<group>"; };
		C4B208A4268128F400032FC8 /* Info.plist */ = {isa = PBXFileReference; lastKnownFileType = text.plist.xml; path = Info.plist; sourceTree = "<group>"; };
		C4B208AE268129F700032FC8 /* GoogleService-Info.plist */ = {isa = PBXFileReference; fileEncoding = 4; lastKnownFileType = text.plist.xml; path = "GoogleService-Info.plist"; sourceTree = "<group>"; };
		C4C9930026837CBA0021C76E /* DetalhesExercicioViewController.swift */ = {isa = PBXFileReference; lastKnownFileType = sourcecode.swift; path = DetalhesExercicioViewController.swift; sourceTree = "<group>"; };
		C4D1E0B52682B6C0004A47B1 /* ExercicioTableViewCell.swift */ = {isa = PBXFileReference; lastKnownFileType = sourcecode.swift; path = ExercicioTableViewCell.swift; sourceTree = "<group>"; };
		C4D60B7A26812E9D00255E46 /* LoginViewController.swift */ = {isa = PBXFileReference; lastKnownFileType = sourcecode.swift; path = LoginViewController.swift; sourceTree = "<group>"; };
		C4D60B7C268130DA00255E46 /* CriarContaViewController.swift */ = {isa = PBXFileReference; lastKnownFileType = sourcecode.swift; path = CriarContaViewController.swift; sourceTree = "<group>"; };
		C4D60B7F2681489400255E46 /* PerfilViewController.swift */ = {isa = PBXFileReference; lastKnownFileType = sourcecode.swift; path = PerfilViewController.swift; sourceTree = "<group>"; };
		C4D60B812681798800255E46 /* TreinosViewController.swift */ = {isa = PBXFileReference; lastKnownFileType = sourcecode.swift; path = TreinosViewController.swift; sourceTree = "<group>"; };
		C4D60B8426817AAB00255E46 /* TreinoTableViewCell.swift */ = {isa = PBXFileReference; lastKnownFileType = sourcecode.swift; path = TreinoTableViewCell.swift; sourceTree = "<group>"; };
		C4D60B87268187F700255E46 /* CriarTreinoViewController.swift */ = {isa = PBXFileReference; lastKnownFileType = sourcecode.swift; path = CriarTreinoViewController.swift; sourceTree = "<group>"; };
		C4FADCEA268383B600437998 /* EditarTreinoViewController.swift */ = {isa = PBXFileReference; lastKnownFileType = sourcecode.swift; path = EditarTreinoViewController.swift; sourceTree = "<group>"; };
/* End PBXFileReference section */

/* Begin PBXFrameworksBuildPhase section */
		C4B20890268128F200032FC8 /* Frameworks */ = {
			isa = PBXFrameworksBuildPhase;
			buildActionMask = 2147483647;
			files = (
				70E49B484C9FE47E97810576 /* Pods_gymapp.framework in Frameworks */,
			);
			runOnlyForDeploymentPostprocessing = 0;
		};
/* End PBXFrameworksBuildPhase section */

/* Begin PBXGroup section */
		74CD14C3D0CC4038E4617BEE /* Frameworks */ = {
			isa = PBXGroup;
			children = (
				557D49080A2714A8A7AF052C /* Pods_gymapp.framework */,
			);
			name = Frameworks;
			sourceTree = "<group>";
		};
		78E14CD5C0F3CE5A75F89E56 /* Pods */ = {
			isa = PBXGroup;
			children = (
				AE6B1E40A2DC97D70BB6BB19 /* Pods-gymapp.debug.xcconfig */,
				0D0780F59727F2914F2A754B /* Pods-gymapp.release.xcconfig */,
			);
			path = Pods;
			sourceTree = "<group>";
		};
		C4B2088A268128F200032FC8 = {
			isa = PBXGroup;
			children = (
				C4B20895268128F200032FC8 /* gymapp */,
				C4B20894268128F200032FC8 /* Products */,
				78E14CD5C0F3CE5A75F89E56 /* Pods */,
				74CD14C3D0CC4038E4617BEE /* Frameworks */,
			);
			sourceTree = "<group>";
		};
		C4B20894268128F200032FC8 /* Products */ = {
			isa = PBXGroup;
			children = (
				C4B20893268128F200032FC8 /* gymapp.app */,
			);
			name = Products;
			sourceTree = "<group>";
		};
		C4B20895268128F200032FC8 /* gymapp */ = {
			isa = PBXGroup;
			children = (
				C4B208AD2681291D00032FC8 /* Resources */,
				C4B208AB2681290800032FC8 /* Views */,
				C4B208AA2681290100032FC8 /* Models */,
				C4B208AC2681290D00032FC8 /* Controllers */,
				C4B208A4268128F400032FC8 /* Info.plist */,
				C4B208AE268129F700032FC8 /* GoogleService-Info.plist */,
			);
			path = gymapp;
			sourceTree = "<group>";
		};
		C4B208AA2681290100032FC8 /* Models */ = {
			isa = PBXGroup;
			children = (
			);
			path = Models;
			sourceTree = "<group>";
		};
		C4B208AB2681290800032FC8 /* Views */ = {
			isa = PBXGroup;
			children = (
				C4B208A1268128F400032FC8 /* LaunchScreen.storyboard */,
				C4B2089C268128F200032FC8 /* Main.storyboard */,
			);
			path = Views;
			sourceTree = "<group>";
		};
		C4B208AC2681290D00032FC8 /* Controllers */ = {
			isa = PBXGroup;
			children = (
				C4D60B86268187CE00255E46 /* General */,
				C4D60B8326817A8B00255E46 /* Cells */,
				C4D60B7E2681488000255E46 /* Tabs */,
				C4D60B7926812E8600255E46 /* Onboarding */,
			);
			path = Controllers;
			sourceTree = "<group>";
		};
		C4B208AD2681291D00032FC8 /* Resources */ = {
			isa = PBXGroup;
			children = (
				C4B20896268128F200032FC8 /* AppDelegate.swift */,
				C4B20898268128F200032FC8 /* SceneDelegate.swift */,
				C4B2089F268128F400032FC8 /* Assets.xcassets */,
			);
			path = Resources;
			sourceTree = "<group>";
		};
		C4D60B7926812E8600255E46 /* Onboarding */ = {
			isa = PBXGroup;
			children = (
				C4D60B7A26812E9D00255E46 /* LoginViewController.swift */,
				C4D60B7C268130DA00255E46 /* CriarContaViewController.swift */,
			);
			path = Onboarding;
			sourceTree = "<group>";
		};
		C4D60B7E2681488000255E46 /* Tabs */ = {
			isa = PBXGroup;
			children = (
				C4D60B812681798800255E46 /* TreinosViewController.swift */,
				C4D60B7F2681489400255E46 /* PerfilViewController.swift */,
			);
			path = Tabs;
			sourceTree = "<group>";
		};
		C4D60B8326817A8B00255E46 /* Cells */ = {
			isa = PBXGroup;
			children = (
				C4D60B8426817AAB00255E46 /* TreinoTableViewCell.swift */,
				C4D1E0B52682B6C0004A47B1 /* ExercicioTableViewCell.swift */,
			);
			path = Cells;
			sourceTree = "<group>";
		};
		C4D60B86268187CE00255E46 /* General */ = {
			isa = PBXGroup;
			children = (
				C4D60B87268187F700255E46 /* CriarTreinoViewController.swift */,
				C44FF9172682327D00A6D572 /* ExerciciosViewController.swift */,
				C44FF919268254AB00A6D572 /* CriarExercicioViewController.swift */,
				C4C9930026837CBA0021C76E /* DetalhesExercicioViewController.swift */,
				C4FADCEA268383B600437998 /* EditarTreinoViewController.swift */,
			);
			path = General;
			sourceTree = "<group>";
		};
/* End PBXGroup section */

/* Begin PBXNativeTarget section */
		C4B20892268128F200032FC8 /* gymapp */ = {
			isa = PBXNativeTarget;
			buildConfigurationList = C4B208A7268128F400032FC8 /* Build configuration list for PBXNativeTarget "gymapp" */;
			buildPhases = (
				6E3EE12A7722026744BD57EF /* [CP] Check Pods Manifest.lock */,
				C4B2088F268128F200032FC8 /* Sources */,
				C4B20890268128F200032FC8 /* Frameworks */,
				C4B20891268128F200032FC8 /* Resources */,
				C1C04A0FE8EDAF7A34B3E6FE /* [CP] Embed Pods Frameworks */,
			);
			buildRules = (
			);
			dependencies = (
			);
			name = gymapp;
			productName = gymapp;
			productReference = C4B20893268128F200032FC8 /* gymapp.app */;
			productType = "com.apple.product-type.application";
		};
/* End PBXNativeTarget section */

/* Begin PBXProject section */
		C4B2088B268128F200032FC8 /* Project object */ = {
			isa = PBXProject;
			attributes = {
				LastSwiftUpdateCheck = 1150;
				LastUpgradeCheck = 1150;
				ORGANIZATIONNAME = "Fernando Moreira";
				TargetAttributes = {
					C4B20892268128F200032FC8 = {
						CreatedOnToolsVersion = 11.5;
					};
				};
			};
			buildConfigurationList = C4B2088E268128F200032FC8 /* Build configuration list for PBXProject "gymapp" */;
			compatibilityVersion = "Xcode 9.3";
			developmentRegion = en;
			hasScannedForEncodings = 0;
			knownRegions = (
				en,
				Base,
			);
			mainGroup = C4B2088A268128F200032FC8;
			productRefGroup = C4B20894268128F200032FC8 /* Products */;
			projectDirPath = "";
			projectRoot = "";
			targets = (
				C4B20892268128F200032FC8 /* gymapp */,
			);
		};
/* End PBXProject section */

/* Begin PBXResourcesBuildPhase section */
		C4B20891268128F200032FC8 /* Resources */ = {
			isa = PBXResourcesBuildPhase;
			buildActionMask = 2147483647;
			files = (
				C4B208A3268128F400032FC8 /* LaunchScreen.storyboard in Resources */,
				C4B208AF268129F700032FC8 /* GoogleService-Info.plist in Resources */,
				C4B208A0268128F400032FC8 /* Assets.xcassets in Resources */,
				C4B2089E268128F200032FC8 /* Main.storyboard in Resources */,
			);
			runOnlyForDeploymentPostprocessing = 0;
		};
/* End PBXResourcesBuildPhase section */

/* Begin PBXShellScriptBuildPhase section */
		6E3EE12A7722026744BD57EF /* [CP] Check Pods Manifest.lock */ = {
			isa = PBXShellScriptBuildPhase;
			buildActionMask = 2147483647;
			files = (
			);
			inputFileListPaths = (
			);
			inputPaths = (
				"${PODS_PODFILE_DIR_PATH}/Podfile.lock",
				"${PODS_ROOT}/Manifest.lock",
			);
			name = "[CP] Check Pods Manifest.lock";
			outputFileListPaths = (
			);
			outputPaths = (
				"$(DERIVED_FILE_DIR)/Pods-gymapp-checkManifestLockResult.txt",
			);
			runOnlyForDeploymentPostprocessing = 0;
			shellPath = /bin/sh;
			shellScript = "diff \"${PODS_PODFILE_DIR_PATH}/Podfile.lock\" \"${PODS_ROOT}/Manifest.lock\" > /dev/null\nif [ $? != 0 ] ; then\n    # print error to STDERR\n    echo \"error: The sandbox is not in sync with the Podfile.lock. Run 'pod install' or update your CocoaPods installation.\" >&2\n    exit 1\nfi\n# This output is used by Xcode 'outputs' to avoid re-running this script phase.\necho \"SUCCESS\" > \"${SCRIPT_OUTPUT_FILE_0}\"\n";
			showEnvVarsInLog = 0;
		};
		C1C04A0FE8EDAF7A34B3E6FE /* [CP] Embed Pods Frameworks */ = {
			isa = PBXShellScriptBuildPhase;
			buildActionMask = 2147483647;
			files = (
			);
			inputFileListPaths = (
				"${PODS_ROOT}/Target Support Files/Pods-gymapp/Pods-gymapp-frameworks-${CONFIGURATION}-input-files.xcfilelist",
			);
			name = "[CP] Embed Pods Frameworks";
			outputFileListPaths = (
				"${PODS_ROOT}/Target Support Files/Pods-gymapp/Pods-gymapp-frameworks-${CONFIGURATION}-output-files.xcfilelist",
			);
			runOnlyForDeploymentPostprocessing = 0;
			shellPath = /bin/sh;
			shellScript = "\"${PODS_ROOT}/Target Support Files/Pods-gymapp/Pods-gymapp-frameworks.sh\"\n";
			showEnvVarsInLog = 0;
		};
/* End PBXShellScriptBuildPhase section */

/* Begin PBXSourcesBuildPhase section */
		C4B2088F268128F200032FC8 /* Sources */ = {
			isa = PBXSourcesBuildPhase;
			buildActionMask = 2147483647;
			files = (
				C4D60B7B26812E9D00255E46 /* LoginViewController.swift in Sources */,
				C4D60B822681798800255E46 /* TreinosViewController.swift in Sources */,
				C44FF91A268254AB00A6D572 /* CriarExercicioViewController.swift in Sources */,
				C4B20897268128F200032FC8 /* AppDelegate.swift in Sources */,
				C4D60B88268187F800255E46 /* CriarTreinoViewController.swift in Sources */,
				C4D60B7D268130DA00255E46 /* CriarContaViewController.swift in Sources */,
				C4B20899268128F200032FC8 /* SceneDelegate.swift in Sources */,
				C4D60B8526817AAB00255E46 /* TreinoTableViewCell.swift in Sources */,
				C4D1E0B62682B6C0004A47B1 /* ExercicioTableViewCell.swift in Sources */,
				C4FADCEB268383B600437998 /* EditarTreinoViewController.swift in Sources */,
				C44FF9182682327D00A6D572 /* ExerciciosViewController.swift in Sources */,
				C4C9930126837CBA0021C76E /* DetalhesExercicioViewController.swift in Sources */,
				C4D60B802681489400255E46 /* PerfilViewController.swift in Sources */,
			);
			runOnlyForDeploymentPostprocessing = 0;
		};
/* End PBXSourcesBuildPhase section */

/* Begin PBXVariantGroup section */
		C4B2089C268128F200032FC8 /* Main.storyboard */ = {
			isa = PBXVariantGroup;
			children = (
				C4B2089D268128F200032FC8 /* Base */,
			);
			name = Main.storyboard;
			sourceTree = "<group>";
		};
		C4B208A1268128F400032FC8 /* LaunchScreen.storyboard */ = {
			isa = PBXVariantGroup;
			children = (
				C4B208A2268128F400032FC8 /* Base */,
			);
			name = LaunchScreen.storyboard;
			sourceTree = "<group>";
		};
/* End PBXVariantGroup section */

/* Begin XCBuildConfiguration section */
		C4B208A5268128F400032FC8 /* Debug */ = {
			isa = XCBuildConfiguration;
			buildSettings = {
				ALWAYS_SEARCH_USER_PATHS = NO;
				CLANG_ANALYZER_NONNULL = YES;
				CLANG_ANALYZER_NUMBER_OBJECT_CONVERSION = YES_AGGRESSIVE;
				CLANG_CXX_LANGUAGE_STANDARD = "gnu++14";
				CLANG_CXX_LIBRARY = "libc++";
				CLANG_ENABLE_MODULES = YES;
				CLANG_ENABLE_OBJC_ARC = YES;
				CLANG_ENABLE_OBJC_WEAK = YES;
				CLANG_WARN_BLOCK_CAPTURE_AUTORELEASING = YES;
				CLANG_WARN_BOOL_CONVERSION = YES;
				CLANG_WARN_COMMA = YES;
				CLANG_WARN_CONSTANT_CONVERSION = YES;
				CLANG_WARN_DEPRECATED_OBJC_IMPLEMENTATIONS = YES;
				CLANG_WARN_DIRECT_OBJC_ISA_USAGE = YES_ERROR;
				CLANG_WARN_DOCUMENTATION_COMMENTS = YES;
				CLANG_WARN_EMPTY_BODY = YES;
				CLANG_WARN_ENUM_CONVERSION = YES;
				CLANG_WARN_INFINITE_RECURSION = YES;
				CLANG_WARN_INT_CONVERSION = YES;
				CLANG_WARN_NON_LITERAL_NULL_CONVERSION = YES;
				CLANG_WARN_OBJC_IMPLICIT_RETAIN_SELF = YES;
				CLANG_WARN_OBJC_LITERAL_CONVERSION = YES;
				CLANG_WARN_OBJC_ROOT_CLASS = YES_ERROR;
				CLANG_WARN_RANGE_LOOP_ANALYSIS = YES;
				CLANG_WARN_STRICT_PROTOTYPES = YES;
				CLANG_WARN_SUSPICIOUS_MOVE = YES;
				CLANG_WARN_UNGUARDED_AVAILABILITY = YES_AGGRESSIVE;
				CLANG_WARN_UNREACHABLE_CODE = YES;
				CLANG_WARN__DUPLICATE_METHOD_MATCH = YES;
				COPY_PHASE_STRIP = NO;
				DEBUG_INFORMATION_FORMAT = dwarf;
				ENABLE_STRICT_OBJC_MSGSEND = YES;
				ENABLE_TESTABILITY = YES;
				GCC_C_LANGUAGE_STANDARD = gnu11;
				GCC_DYNAMIC_NO_PIC = NO;
				GCC_NO_COMMON_BLOCKS = YES;
				GCC_OPTIMIZATION_LEVEL = 0;
				GCC_PREPROCESSOR_DEFINITIONS = (
					"DEBUG=1",
					"$(inherited)",
				);
				GCC_WARN_64_TO_32_BIT_CONVERSION = YES;
				GCC_WARN_ABOUT_RETURN_TYPE = YES_ERROR;
				GCC_WARN_UNDECLARED_SELECTOR = YES;
				GCC_WARN_UNINITIALIZED_AUTOS = YES_AGGRESSIVE;
				GCC_WARN_UNUSED_FUNCTION = YES;
				GCC_WARN_UNUSED_VARIABLE = YES;
				IPHONEOS_DEPLOYMENT_TARGET = 13.5;
				MTL_ENABLE_DEBUG_INFO = INCLUDE_SOURCE;
				MTL_FAST_MATH = YES;
				ONLY_ACTIVE_ARCH = YES;
				SDKROOT = iphoneos;
				SWIFT_ACTIVE_COMPILATION_CONDITIONS = DEBUG;
				SWIFT_OPTIMIZATION_LEVEL = "-Onone";
			};
			name = Debug;
		};
		C4B208A6268128F400032FC8 /* Release */ = {
			isa = XCBuildConfiguration;
			buildSettings = {
				ALWAYS_SEARCH_USER_PATHS = NO;
				CLANG_ANALYZER_NONNULL = YES;
				CLANG_ANALYZER_NUMBER_OBJECT_CONVERSION = YES_AGGRESSIVE;
				CLANG_CXX_LANGUAGE_STANDARD = "gnu++14";
				CLANG_CXX_LIBRARY = "libc++";
				CLANG_ENABLE_MODULES = YES;
				CLANG_ENABLE_OBJC_ARC = YES;
				CLANG_ENABLE_OBJC_WEAK = YES;
				CLANG_WARN_BLOCK_CAPTURE_AUTORELEASING = YES;
				CLANG_WARN_BOOL_CONVERSION = YES;
				CLANG_WARN_COMMA = YES;
				CLANG_WARN_CONSTANT_CONVERSION = YES;
				CLANG_WARN_DEPRECATED_OBJC_IMPLEMENTATIONS = YES;
				CLANG_WARN_DIRECT_OBJC_ISA_USAGE = YES_ERROR;
				CLANG_WARN_DOCUMENTATION_COMMENTS = YES;
				CLANG_WARN_EMPTY_BODY = YES;
				CLANG_WARN_ENUM_CONVERSION = YES;
				CLANG_WARN_INFINITE_RECURSION = YES;
				CLANG_WARN_INT_CONVERSION = YES;
				CLANG_WARN_NON_LITERAL_NULL_CONVERSION = YES;
				CLANG_WARN_OBJC_IMPLICIT_RETAIN_SELF = YES;
				CLANG_WARN_OBJC_LITERAL_CONVERSION = YES;
				CLANG_WARN_OBJC_ROOT_CLASS = YES_ERROR;
				CLANG_WARN_RANGE_LOOP_ANALYSIS = YES;
				CLANG_WARN_STRICT_PROTOTYPES = YES;
				CLANG_WARN_SUSPICIOUS_MOVE = YES;
				CLANG_WARN_UNGUARDED_AVAILABILITY = YES_AGGRESSIVE;
				CLANG_WARN_UNREACHABLE_CODE = YES;
				CLANG_WARN__DUPLICATE_METHOD_MATCH = YES;
				COPY_PHASE_STRIP = NO;
				DEBUG_INFORMATION_FORMAT = "dwarf-with-dsym";
				ENABLE_NS_ASSERTIONS = NO;
				ENABLE_STRICT_OBJC_MSGSEND = YES;
				GCC_C_LANGUAGE_STANDARD = gnu11;
				GCC_NO_COMMON_BLOCKS = YES;
				GCC_WARN_64_TO_32_BIT_CONVERSION = YES;
				GCC_WARN_ABOUT_RETURN_TYPE = YES_ERROR;
				GCC_WARN_UNDECLARED_SELECTOR = YES;
				GCC_WARN_UNINITIALIZED_AUTOS = YES_AGGRESSIVE;
				GCC_WARN_UNUSED_FUNCTION = YES;
				GCC_WARN_UNUSED_VARIABLE = YES;
				IPHONEOS_DEPLOYMENT_TARGET = 13.5;
				MTL_ENABLE_DEBUG_INFO = NO;
				MTL_FAST_MATH = YES;
				SDKROOT = iphoneos;
				SWIFT_COMPILATION_MODE = wholemodule;
				SWIFT_OPTIMIZATION_LEVEL = "-O";
				VALIDATE_PRODUCT = YES;
			};
			name = Release;
		};
		C4B208A8268128F400032FC8 /* Debug */ = {
			isa = XCBuildConfiguration;
			baseConfigurationReference = AE6B1E40A2DC97D70BB6BB19 /* Pods-gymapp.debug.xcconfig */;
			buildSettings = {
				ASSETCATALOG_COMPILER_APPICON_NAME = AppIcon;
				CODE_SIGN_STYLE = Automatic;
				INFOPLIST_FILE = gymapp/Info.plist;
				LD_RUNPATH_SEARCH_PATHS = (
					"$(inherited)",
					"@executable_path/Frameworks",
				);
				PRODUCT_BUNDLE_IDENTIFIER = com.fernandomoreira.gymapp;
				PRODUCT_NAME = "$(TARGET_NAME)";
				SWIFT_VERSION = 5.0;
				TARGETED_DEVICE_FAMILY = "1,2";
			};
			name = Debug;
		};
		C4B208A9268128F400032FC8 /* Release */ = {
			isa = XCBuildConfiguration;
			baseConfigurationReference = 0D0780F59727F2914F2A754B /* Pods-gymapp.release.xcconfig */;
			buildSettings = {
				ASSETCATALOG_COMPILER_APPICON_NAME = AppIcon;
				CODE_SIGN_STYLE = Automatic;
				INFOPLIST_FILE = gymapp/Info.plist;
				LD_RUNPATH_SEARCH_PATHS = (
					"$(inherited)",
					"@executable_path/Frameworks",
				);
				PRODUCT_BUNDLE_IDENTIFIER = com.fernandomoreira.gymapp;
				PRODUCT_NAME = "$(TARGET_NAME)";
				SWIFT_VERSION = 5.0;
				TARGETED_DEVICE_FAMILY = "1,2";
			};
			name = Release;
		};
/* End XCBuildConfiguration section */

/* Begin XCConfigurationList section */
		C4B2088E268128F200032FC8 /* Build configuration list for PBXProject "gymapp" */ = {
			isa = XCConfigurationList;
			buildConfigurations = (
				C4B208A5268128F400032FC8 /* Debug */,
				C4B208A6268128F400032FC8 /* Release */,
			);
			defaultConfigurationIsVisible = 0;
			defaultConfigurationName = Release;
		};
		C4B208A7268128F400032FC8 /* Build configuration list for PBXNativeTarget "gymapp" */ = {
			isa = XCConfigurationList;
			buildConfigurations = (
				C4B208A8268128F400032FC8 /* Debug */,
				C4B208A9268128F400032FC8 /* Release */,
			);
			defaultConfigurationIsVisible = 0;
			defaultConfigurationName = Release;
		};
/* End XCConfigurationList section */
	};
	rootObject = C4B2088B268128F200032FC8 /* Project object */;
}
